// !$*UTF8*$!
{
	archiveVersion = 1;
	classes = {
	};
	objectVersion = 50;
	objects = {

/* Begin PBXBuildFile section */
		83803DC226A600FA0044DEA6 /* AppDelegate.swift in Sources */ = {isa = PBXBuildFile; fileRef = 83803DC126A600FA0044DEA6 /* AppDelegate.swift */; };
		83803DC426A600FA0044DEA6 /* SceneDelegate.swift in Sources */ = {isa = PBXBuildFile; fileRef = 83803DC326A600FA0044DEA6 /* SceneDelegate.swift */; };
		83803DC626A600FA0044DEA6 /* ViewController.swift in Sources */ = {isa = PBXBuildFile; fileRef = 83803DC526A600FA0044DEA6 /* ViewController.swift */; };
		83803DC926A600FA0044DEA6 /* Main.storyboard in Resources */ = {isa = PBXBuildFile; fileRef = 83803DC726A600FA0044DEA6 /* Main.storyboard */; };
		83803DCC26A600FA0044DEA6 /* day_6_mini_project_3.xcdatamodeld in Sources */ = {isa = PBXBuildFile; fileRef = 83803DCA26A600FA0044DEA6 /* day_6_mini_project_3.xcdatamodeld */; };
		83803DCE26A601040044DEA6 /* Assets.xcassets in Resources */ = {isa = PBXBuildFile; fileRef = 83803DCD26A601040044DEA6 /* Assets.xcassets */; };
		83803DD126A601040044DEA6 /* LaunchScreen.storyboard in Resources */ = {isa = PBXBuildFile; fileRef = 83803DCF26A601040044DEA6 /* LaunchScreen.storyboard */; };
		83803DDC26A601050044DEA6 /* day_6_mini_project_3Tests.swift in Sources */ = {isa = PBXBuildFile; fileRef = 83803DDB26A601050044DEA6 /* day_6_mini_project_3Tests.swift */; };
		83803DE726A601060044DEA6 /* day_6_mini_project_3UITests.swift in Sources */ = {isa = PBXBuildFile; fileRef = 83803DE626A601060044DEA6 /* day_6_mini_project_3UITests.swift */; };
/* End PBXBuildFile section */

/* Begin PBXContainerItemProxy section */
		83803DD826A601050044DEA6 /* PBXContainerItemProxy */ = {
			isa = PBXContainerItemProxy;
			containerPortal = 83803DB626A600F90044DEA6 /* Project object */;
			proxyType = 1;
			remoteGlobalIDString = 83803DBD26A600FA0044DEA6;
			remoteInfo = "day 6 mini project 3";
		};
		83803DE326A601060044DEA6 /* PBXContainerItemProxy */ = {
			isa = PBXContainerItemProxy;
			containerPortal = 83803DB626A600F90044DEA6 /* Project object */;
			proxyType = 1;
			remoteGlobalIDString = 83803DBD26A600FA0044DEA6;
			remoteInfo = "day 6 mini project 3";
		};
/* End PBXContainerItemProxy section */

/* Begin PBXFileReference section */
		83803DBE26A600FA0044DEA6 /* day 6 mini project 3.app */ = {isa = PBXFileReference; explicitFileType = wrapper.application; includeInIndex = 0; path = "day 6 mini project 3.app"; sourceTree = BUILT_PRODUCTS_DIR; };
		83803DC126A600FA0044DEA6 /* AppDelegate.swift */ = {isa = PBXFileReference; lastKnownFileType = sourcecode.swift; path = AppDelegate.swift; sourceTree = "<group>"; };
		83803DC326A600FA0044DEA6 /* SceneDelegate.swift */ = {isa = PBXFileReference; lastKnownFileType = sourcecode.swift; path = SceneDelegate.swift; sourceTree = "<group>"; };
		83803DC526A600FA0044DEA6 /* ViewController.swift */ = {isa = PBXFileReference; lastKnownFileType = sourcecode.swift; path = ViewController.swift; sourceTree = "<group>"; };
		83803DC826A600FA0044DEA6 /* Base */ = {isa = PBXFileReference; lastKnownFileType = file.storyboard; name = Base; path = Base.lproj/Main.storyboard; sourceTree = "<group>"; };
		83803DCB26A600FA0044DEA6 /* day_6_mini_project_3.xcdatamodel */ = {isa = PBXFileReference; lastKnownFileType = wrapper.xcdatamodel; path = day_6_mini_project_3.xcdatamodel; sourceTree = "<group>"; };
		83803DCD26A601040044DEA6 /* Assets.xcassets */ = {isa = PBXFileReference; lastKnownFileType = folder.assetcatalog; path = Assets.xcassets; sourceTree = "<group>"; };
		83803DD026A601040044DEA6 /* Base */ = {isa = PBXFileReference; lastKnownFileType = file.storyboard; name = Base; path = Base.lproj/LaunchScreen.storyboard; sourceTree = "<group>"; };
		83803DD226A601040044DEA6 /* Info.plist */ = {isa = PBXFileReference; lastKnownFileType = text.plist.xml; path = Info.plist; sourceTree = "<group>"; };
		83803DD726A601050044DEA6 /* day 6 mini project 3Tests.xctest */ = {isa = PBXFileReference; explicitFileType = wrapper.cfbundle; includeInIndex = 0; path = "day 6 mini project 3Tests.xctest"; sourceTree = BUILT_PRODUCTS_DIR; };
		83803DDB26A601050044DEA6 /* day_6_mini_project_3Tests.swift */ = {isa = PBXFileReference; lastKnownFileType = sourcecode.swift; path = day_6_mini_project_3Tests.swift; sourceTree = "<group>"; };
		83803DDD26A601050044DEA6 /* Info.plist */ = {isa = PBXFileReference; lastKnownFileType = text.plist.xml; path = Info.plist; sourceTree = "<group>"; };
		83803DE226A601060044DEA6 /* day 6 mini project 3UITests.xctest */ = {isa = PBXFileReference; explicitFileType = wrapper.cfbundle; includeInIndex = 0; path = "day 6 mini project 3UITests.xctest"; sourceTree = BUILT_PRODUCTS_DIR; };
		83803DE626A601060044DEA6 /* day_6_mini_project_3UITests.swift */ = {isa = PBXFileReference; lastKnownFileType = sourcecode.swift; path = day_6_mini_project_3UITests.swift; sourceTree = "<group>"; };
		83803DE826A601060044DEA6 /* Info.plist */ = {isa = PBXFileReference; lastKnownFileType = text.plist.xml; path = Info.plist; sourceTree = "<group>"; };
/* End PBXFileReference section */

/* Begin PBXFrameworksBuildPhase section */
		83803DBB26A600FA0044DEA6 /* Frameworks */ = {
			isa = PBXFrameworksBuildPhase;
			buildActionMask = 2147483647;
			files = (
			);
			runOnlyForDeploymentPostprocessing = 0;
		};
		83803DD426A601050044DEA6 /* Frameworks */ = {
			isa = PBXFrameworksBuildPhase;
			buildActionMask = 2147483647;
			files = (
			);
			runOnlyForDeploymentPostprocessing = 0;
		};
		83803DDF26A601060044DEA6 /* Frameworks */ = {
			isa = PBXFrameworksBuildPhase;
			buildActionMask = 2147483647;
			files = (
			);
			runOnlyForDeploymentPostprocessing = 0;
		};
/* End PBXFrameworksBuildPhase section */

/* Begin PBXGroup section */
		83803DB526A600F90044DEA6 = {
			isa = PBXGroup;
			children = (
				83803DC026A600FA0044DEA6 /* day 6 mini project 3 */,
				83803DDA26A601050044DEA6 /* day 6 mini project 3Tests */,
				83803DE526A601060044DEA6 /* day 6 mini project 3UITests */,
				83803DBF26A600FA0044DEA6 /* Products */,
			);
			sourceTree = "<group>";
		};
		83803DBF26A600FA0044DEA6 /* Products */ = {
			isa = PBXGroup;
			children = (
				83803DBE26A600FA0044DEA6 /* day 6 mini project 3.app */,
				83803DD726A601050044DEA6 /* day 6 mini project 3Tests.xctest */,
				83803DE226A601060044DEA6 /* day 6 mini project 3UITests.xctest */,
			);
			name = Products;
			sourceTree = "<group>";
		};
		83803DC026A600FA0044DEA6 /* day 6 mini project 3 */ = {
			isa = PBXGroup;
			children = (
				83803DC126A600FA0044DEA6 /* AppDelegate.swift */,
				83803DC326A600FA0044DEA6 /* SceneDelegate.swift */,
				83803DC526A600FA0044DEA6 /* ViewController.swift */,
				83803DC726A600FA0044DEA6 /* Main.storyboard */,
				83803DCD26A601040044DEA6 /* Assets.xcassets */,
				83803DCF26A601040044DEA6 /* LaunchScreen.storyboard */,
				83803DD226A601040044DEA6 /* Info.plist */,
				83803DCA26A600FA0044DEA6 /* day_6_mini_project_3.xcdatamodeld */,
			);
			path = "day 6 mini project 3";
			sourceTree = "<group>";
		};
		83803DDA26A601050044DEA6 /* day 6 mini project 3Tests */ = {
			isa = PBXGroup;
			children = (
				83803DDB26A601050044DEA6 /* day_6_mini_project_3Tests.swift */,
				83803DDD26A601050044DEA6 /* Info.plist */,
			);
			path = "day 6 mini project 3Tests";
			sourceTree = "<group>";
		};
		83803DE526A601060044DEA6 /* day 6 mini project 3UITests */ = {
			isa = PBXGroup;
			children = (
				83803DE626A601060044DEA6 /* day_6_mini_project_3UITests.swift */,
				83803DE826A601060044DEA6 /* Info.plist */,
			);
			path = "day 6 mini project 3UITests";
			sourceTree = "<group>";
		};
/* End PBXGroup section */

/* Begin PBXNativeTarget section */
		83803DBD26A600FA0044DEA6 /* day 6 mini project 3 */ = {
			isa = PBXNativeTarget;
			buildConfigurationList = 83803DEB26A601060044DEA6 /* Build configuration list for PBXNativeTarget "day 6 mini project 3" */;
			buildPhases = (
				83803DBA26A600FA0044DEA6 /* Sources */,
				83803DBB26A600FA0044DEA6 /* Frameworks */,
				83803DBC26A600FA0044DEA6 /* Resources */,
			);
			buildRules = (
			);
			dependencies = (
			);
			name = "day 6 mini project 3";
			productName = "day 6 mini project 3";
			productReference = 83803DBE26A600FA0044DEA6 /* day 6 mini project 3.app */;
			productType = "com.apple.product-type.application";
		};
		83803DD626A601050044DEA6 /* day 6 mini project 3Tests */ = {
			isa = PBXNativeTarget;
			buildConfigurationList = 83803DEE26A601060044DEA6 /* Build configuration list for PBXNativeTarget "day 6 mini project 3Tests" */;
			buildPhases = (
				83803DD326A601050044DEA6 /* Sources */,
				83803DD426A601050044DEA6 /* Frameworks */,
				83803DD526A601050044DEA6 /* Resources */,
			);
			buildRules = (
			);
			dependencies = (
				83803DD926A601050044DEA6 /* PBXTargetDependency */,
			);
			name = "day 6 mini project 3Tests";
			productName = "day 6 mini project 3Tests";
			productReference = 83803DD726A601050044DEA6 /* day 6 mini project 3Tests.xctest */;
			productType = "com.apple.product-type.bundle.unit-test";
		};
		83803DE126A601060044DEA6 /* day 6 mini project 3UITests */ = {
			isa = PBXNativeTarget;
			buildConfigurationList = 83803DF126A601060044DEA6 /* Build configuration list for PBXNativeTarget "day 6 mini project 3UITests" */;
			buildPhases = (
				83803DDE26A601060044DEA6 /* Sources */,
				83803DDF26A601060044DEA6 /* Frameworks */,
				83803DE026A601060044DEA6 /* Resources */,
			);
			buildRules = (
			);
			dependencies = (
				83803DE426A601060044DEA6 /* PBXTargetDependency */,
			);
			name = "day 6 mini project 3UITests";
			productName = "day 6 mini project 3UITests";
			productReference = 83803DE226A601060044DEA6 /* day 6 mini project 3UITests.xctest */;
			productType = "com.apple.product-type.bundle.ui-testing";
		};
/* End PBXNativeTarget section */

/* Begin PBXProject section */
		83803DB626A600F90044DEA6 /* Project object */ = {
			isa = PBXProject;
			attributes = {
				LastSwiftUpdateCheck = 1240;
				LastUpgradeCheck = 1240;
				TargetAttributes = {
					83803DBD26A600FA0044DEA6 = {
						CreatedOnToolsVersion = 12.4;
					};
					83803DD626A601050044DEA6 = {
						CreatedOnToolsVersion = 12.4;
						TestTargetID = 83803DBD26A600FA0044DEA6;
					};
					83803DE126A601060044DEA6 = {
						CreatedOnToolsVersion = 12.4;
						TestTargetID = 83803DBD26A600FA0044DEA6;
					};
				};
			};
			buildConfigurationList = 83803DB926A600F90044DEA6 /* Build configuration list for PBXProject "day 6 mini project 3" */;
			compatibilityVersion = "Xcode 9.3";
			developmentRegion = en;
			hasScannedForEncodings = 0;
			knownRegions = (
				en,
				Base,
			);
			mainGroup = 83803DB526A600F90044DEA6;
			productRefGroup = 83803DBF26A600FA0044DEA6 /* Products */;
			projectDirPath = "";
			projectRoot = "";
			targets = (
				83803DBD26A600FA0044DEA6 /* day 6 mini project 3 */,
				83803DD626A601050044DEA6 /* day 6 mini project 3Tests */,
				83803DE126A601060044DEA6 /* day 6 mini project 3UITests */,
			);
		};
/* End PBXProject section */

/* Begin PBXResourcesBuildPhase section */
		83803DBC26A600FA0044DEA6 /* Resources */ = {
			isa = PBXResourcesBuildPhase;
			buildActionMask = 2147483647;
			files = (
				83803DD126A601040044DEA6 /* LaunchScreen.storyboard in Resources */,
				83803DCE26A601040044DEA6 /* Assets.xcassets in Resources */,
				83803DC926A600FA0044DEA6 /* Main.storyboard in Resources */,
			);
			runOnlyForDeploymentPostprocessing = 0;
		};
		83803DD526A601050044DEA6 /* Resources */ = {
			isa = PBXResourcesBuildPhase;
			buildActionMask = 2147483647;
			files = (
			);
			runOnlyForDeploymentPostprocessing = 0;
		};
		83803DE026A601060044DEA6 /* Resources */ = {
			isa = PBXResourcesBuildPhase;
			buildActionMask = 2147483647;
			files = (
			);
			runOnlyForDeploymentPostprocessing = 0;
		};
/* End PBXResourcesBuildPhase section */

/* Begin PBXSourcesBuildPhase section */
		83803DBA26A600FA0044DEA6 /* Sources */ = {
			isa = PBXSourcesBuildPhase;
			buildActionMask = 2147483647;
			files = (
				83803DCC26A600FA0044DEA6 /* day_6_mini_project_3.xcdatamodeld in Sources */,
				83803DC626A600FA0044DEA6 /* ViewController.swift in Sources */,
				83803DC226A600FA0044DEA6 /* AppDelegate.swift in Sources */,
				83803DC426A600FA0044DEA6 /* SceneDelegate.swift in Sources */,
			);
			runOnlyForDeploymentPostprocessing = 0;
		};
		83803DD326A601050044DEA6 /* Sources */ = {
			isa = PBXSourcesBuildPhase;
			buildActionMask = 2147483647;
			files = (
				83803DDC26A601050044DEA6 /* day_6_mini_project_3Tests.swift in Sources */,
			);
			runOnlyForDeploymentPostprocessing = 0;
		};
		83803DDE26A601060044DEA6 /* Sources */ = {
			isa = PBXSourcesBuildPhase;
			buildActionMask = 2147483647;
			files = (
				83803DE726A601060044DEA6 /* day_6_mini_project_3UITests.swift in Sources */,
			);
			runOnlyForDeploymentPostprocessing = 0;
		};
/* End PBXSourcesBuildPhase section */

/* Begin PBXTargetDependency section */
		83803DD926A601050044DEA6 /* PBXTargetDependency */ = {
			isa = PBXTargetDependency;
			target = 83803DBD26A600FA0044DEA6 /* day 6 mini project 3 */;
			targetProxy = 83803DD826A601050044DEA6 /* PBXContainerItemProxy */;
		};
		83803DE426A601060044DEA6 /* PBXTargetDependency */ = {
			isa = PBXTargetDependency;
			target = 83803DBD26A600FA0044DEA6 /* day 6 mini project 3 */;
			targetProxy = 83803DE326A601060044DEA6 /* PBXContainerItemProxy */;
		};
/* End PBXTargetDependency section */

/* Begin PBXVariantGroup section */
		83803DC726A600FA0044DEA6 /* Main.storyboard */ = {
			isa = PBXVariantGroup;
			children = (
				83803DC826A600FA0044DEA6 /* Base */,
			);
			name = Main.storyboard;
			sourceTree = "<group>";
		};
		83803DCF26A601040044DEA6 /* LaunchScreen.storyboard */ = {
			isa = PBXVariantGroup;
			children = (
				83803DD026A601040044DEA6 /* Base */,
			);
			name = LaunchScreen.storyboard;
			sourceTree = "<group>";
		};
/* End PBXVariantGroup section */

/* Begin XCBuildConfiguration section */
		83803DE926A601060044DEA6 /* Debug */ = {
			isa = XCBuildConfiguration;
			buildSettings = {
				ALWAYS_SEARCH_USER_PATHS = NO;
				CLANG_ANALYZER_NONNULL = YES;
				CLANG_ANALYZER_NUMBER_OBJECT_CONVERSION = YES_AGGRESSIVE;
				CLANG_CXX_LANGUAGE_STANDARD = "gnu++14";
				CLANG_CXX_LIBRARY = "libc++";
				CLANG_ENABLE_MODULES = YES;
				CLANG_ENABLE_OBJC_ARC = YES;
				CLANG_ENABLE_OBJC_WEAK = YES;
				CLANG_WARN_BLOCK_CAPTURE_AUTORELEASING = YES;
				CLANG_WARN_BOOL_CONVERSION = YES;
				CLANG_WARN_COMMA = YES;
				CLANG_WARN_CONSTANT_CONVERSION = YES;
				CLANG_WARN_DEPRECATED_OBJC_IMPLEMENTATIONS = YES;
				CLANG_WARN_DIRECT_OBJC_ISA_USAGE = YES_ERROR;
				CLANG_WARN_DOCUMENTATION_COMMENTS = YES;
				CLANG_WARN_EMPTY_BODY = YES;
				CLANG_WARN_ENUM_CONVERSION = YES;
				CLANG_WARN_INFINITE_RECURSION = YES;
				CLANG_WARN_INT_CONVERSION = YES;
				CLANG_WARN_NON_LITERAL_NULL_CONVERSION = YES;
				CLANG_WARN_OBJC_IMPLICIT_RETAIN_SELF = YES;
				CLANG_WARN_OBJC_LITERAL_CONVERSION = YES;
				CLANG_WARN_OBJC_ROOT_CLASS = YES_ERROR;
				CLANG_WARN_QUOTED_INCLUDE_IN_FRAMEWORK_HEADER = YES;
				CLANG_WARN_RANGE_LOOP_ANALYSIS = YES;
				CLANG_WARN_STRICT_PROTOTYPES = YES;
				CLANG_WARN_SUSPICIOUS_MOVE = YES;
				CLANG_WARN_UNGUARDED_AVAILABILITY = YES_AGGRESSIVE;
				CLANG_WARN_UNREACHABLE_CODE = YES;
				CLANG_WARN__DUPLICATE_METHOD_MATCH = YES;
				COPY_PHASE_STRIP = NO;
				DEBUG_INFORMATION_FORMAT = dwarf;
				ENABLE_STRICT_OBJC_MSGSEND = YES;
				ENABLE_TESTABILITY = YES;
				GCC_C_LANGUAGE_STANDARD = gnu11;
				GCC_DYNAMIC_NO_PIC = NO;
				GCC_NO_COMMON_BLOCKS = YES;
				GCC_OPTIMIZATION_LEVEL = 0;
				GCC_PREPROCESSOR_DEFINITIONS = (
					"DEBUG=1",
					"$(inherited)",
				);
				GCC_WARN_64_TO_32_BIT_CONVERSION = YES;
				GCC_WARN_ABOUT_RETURN_TYPE = YES_ERROR;
				GCC_WARN_UNDECLARED_SELECTOR = YES;
				GCC_WARN_UNINITIALIZED_AUTOS = YES_AGGRESSIVE;
				GCC_WARN_UNUSED_FUNCTION = YES;
				GCC_WARN_UNUSED_VARIABLE = YES;
				IPHONEOS_DEPLOYMENT_TARGET = 14.4;
				MTL_ENABLE_DEBUG_INFO = INCLUDE_SOURCE;
				MTL_FAST_MATH = YES;
				ONLY_ACTIVE_ARCH = YES;
				SDKROOT = iphoneos;
				SWIFT_ACTIVE_COMPILATION_CONDITIONS = DEBUG;
				SWIFT_OPTIMIZATION_LEVEL = "-Onone";
			};
			name = Debug;
		};
		83803DEA26A601060044DEA6 /* Release */ = {
			isa = XCBuildConfiguration;
			buildSettings = {
				ALWAYS_SEARCH_USER_PATHS = NO;
				CLANG_ANALYZER_NONNULL = YES;
				CLANG_ANALYZER_NUMBER_OBJECT_CONVERSION = YES_AGGRESSIVE;
				CLANG_CXX_LANGUAGE_STANDARD = "gnu++14";
				CLANG_CXX_LIBRARY = "libc++";
				CLANG_ENABLE_MODULES = YES;
				CLANG_ENABLE_OBJC_ARC = YES;
				CLANG_ENABLE_OBJC_WEAK = YES;
				CLANG_WARN_BLOCK_CAPTURE_AUTORELEASING = YES;
				CLANG_WARN_BOOL_CONVERSION = YES;
				CLANG_WARN_COMMA = YES;
				CLANG_WARN_CONSTANT_CONVERSION = YES;
				CLANG_WARN_DEPRECATED_OBJC_IMPLEMENTATIONS = YES;
				CLANG_WARN_DIRECT_OBJC_ISA_USAGE = YES_ERROR;
				CLANG_WARN_DOCUMENTATION_COMMENTS = YES;
				CLANG_WARN_EMPTY_BODY = YES;
				CLANG_WARN_ENUM_CONVERSION = YES;
				CLANG_WARN_INFINITE_RECURSION = YES;
				CLANG_WARN_INT_CONVERSION = YES;
				CLANG_WARN_NON_LITERAL_NULL_CONVERSION = YES;
				CLANG_WARN_OBJC_IMPLICIT_RETAIN_SELF = YES;
				CLANG_WARN_OBJC_LITERAL_CONVERSION = YES;
				CLANG_WARN_OBJC_ROOT_CLASS = YES_ERROR;
				CLANG_WARN_QUOTED_INCLUDE_IN_FRAMEWORK_HEADER = YES;
				CLANG_WARN_RANGE_LOOP_ANALYSIS = YES;
				CLANG_WARN_STRICT_PROTOTYPES = YES;
				CLANG_WARN_SUSPICIOUS_MOVE = YES;
				CLANG_WARN_UNGUARDED_AVAILABILITY = YES_AGGRESSIVE;
				CLANG_WARN_UNREACHABLE_CODE = YES;
				CLANG_WARN__DUPLICATE_METHOD_MATCH = YES;
				COPY_PHASE_STRIP = NO;
				DEBUG_INFORMATION_FORMAT = "dwarf-with-dsym";
				ENABLE_NS_ASSERTIONS = NO;
				ENABLE_STRICT_OBJC_MSGSEND = YES;
				GCC_C_LANGUAGE_STANDARD = gnu11;
				GCC_NO_COMMON_BLOCKS = YES;
				GCC_WARN_64_TO_32_BIT_CONVERSION = YES;
				GCC_WARN_ABOUT_RETURN_TYPE = YES_ERROR;
				GCC_WARN_UNDECLARED_SELECTOR = YES;
				GCC_WARN_UNINITIALIZED_AUTOS = YES_AGGRESSIVE;
				GCC_WARN_UNUSED_FUNCTION = YES;
				GCC_WARN_UNUSED_VARIABLE = YES;
				IPHONEOS_DEPLOYMENT_TARGET = 14.4;
				MTL_ENABLE_DEBUG_INFO = NO;
				MTL_FAST_MATH = YES;
				SDKROOT = iphoneos;
				SWIFT_COMPILATION_MODE = wholemodule;
				SWIFT_OPTIMIZATION_LEVEL = "-O";
				VALIDATE_PRODUCT = YES;
			};
			name = Release;
		};
		83803DEC26A601060044DEA6 /* Debug */ = {
			isa = XCBuildConfiguration;
			buildSettings = {
				ASSETCATALOG_COMPILER_APPICON_NAME = AppIcon;
				ASSETCATALOG_COMPILER_GLOBAL_ACCENT_COLOR_NAME = AccentColor;
				CODE_SIGN_STYLE = Automatic;
				INFOPLIST_FILE = "day 6 mini project 3/Info.plist";
				LD_RUNPATH_SEARCH_PATHS = (
					"$(inherited)",
					"@executable_path/Frameworks",
				);
				PRODUCT_BUNDLE_IDENTIFIER = "Nusayba-KWK.day-6-mini-project-3";
				PRODUCT_NAME = "$(TARGET_NAME)";
				SWIFT_VERSION = 5.0;
				TARGETED_DEVICE_FAMILY = "1,2";
			};
			name = Debug;
		};
		83803DED26A601060044DEA6 /* Release */ = {
			isa = XCBuildConfiguration;
			buildSettings = {
				ASSETCATALOG_COMPILER_APPICON_NAME = AppIcon;
				ASSETCATALOG_COMPILER_GLOBAL_ACCENT_COLOR_NAME = AccentColor;
				CODE_SIGN_STYLE = Automatic;
				INFOPLIST_FILE = "day 6 mini project 3/Info.plist";
				LD_RUNPATH_SEARCH_PATHS = (
					"$(inherited)",
					"@executable_path/Frameworks",
				);
				PRODUCT_BUNDLE_IDENTIFIER = "Nusayba-KWK.day-6-mini-project-3";
				PRODUCT_NAME = "$(TARGET_NAME)";
				SWIFT_VERSION = 5.0;
				TARGETED_DEVICE_FAMILY = "1,2";
			};
			name = Release;
		};
		83803DEF26A601060044DEA6 /* Debug */ = {
			isa = XCBuildConfiguration;
			buildSettings = {
				ALWAYS_EMBED_SWIFT_STANDARD_LIBRARIES = YES;
				BUNDLE_LOADER = "$(TEST_HOST)";
				CODE_SIGN_STYLE = Automatic;
				INFOPLIST_FILE = "day 6 mini project 3Tests/Info.plist";
				IPHONEOS_DEPLOYMENT_TARGET = 14.4;
				LD_RUNPATH_SEARCH_PATHS = (
					"$(inherited)",
					"@executable_path/Frameworks",
					"@loader_path/Frameworks",
				);
				PRODUCT_BUNDLE_IDENTIFIER = "Nusayba-KWK.day-6-mini-project-3Tests";
				PRODUCT_NAME = "$(TARGET_NAME)";
				SWIFT_VERSION = 5.0;
				TARGETED_DEVICE_FAMILY = "1,2";
				TEST_HOST = "$(BUILT_PRODUCTS_DIR)/day 6 mini project 3.app/day 6 mini project 3";
			};
			name = Debug;
		};
		83803DF026A601060044DEA6 /* Release */ = {
			isa = XCBuildConfiguration;
			buildSettings = {
				ALWAYS_EMBED_SWIFT_STANDARD_LIBRARIES = YES;
				BUNDLE_LOADER = "$(TEST_HOST)";
				CODE_SIGN_STYLE = Automatic;
				INFOPLIST_FILE = "day 6 mini project 3Tests/Info.plist";
				IPHONEOS_DEPLOYMENT_TARGET = 14.4;
				LD_RUNPATH_SEARCH_PATHS = (
					"$(inherited)",
					"@executable_path/Frameworks",
					"@loader_path/Frameworks",
				);
				PRODUCT_BUNDLE_IDENTIFIER = "Nusayba-KWK.day-6-mini-project-3Tests";
				PRODUCT_NAME = "$(TARGET_NAME)";
				SWIFT_VERSION = 5.0;
				TARGETED_DEVICE_FAMILY = "1,2";
				TEST_HOST = "$(BUILT_PRODUCTS_DIR)/day 6 mini project 3.app/day 6 mini project 3";
			};
			name = Release;
		};
		83803DF226A601060044DEA6 /* Debug */ = {
			isa = XCBuildConfiguration;
			buildSettings = {
				ALWAYS_EMBED_SWIFT_STANDARD_LIBRARIES = YES;
				CODE_SIGN_STYLE = Automatic;
				INFOPLIST_FILE = "day 6 mini project 3UITests/Info.plist";
				LD_RUNPATH_SEARCH_PATHS = (
					"$(inherited)",
					"@executable_path/Frameworks",
					"@loader_path/Frameworks",
				);
				PRODUCT_BUNDLE_IDENTIFIER = "Nusayba-KWK.day-6-mini-project-3UITests";
				PRODUCT_NAME = "$(TARGET_NAME)";
				SWIFT_VERSION = 5.0;
				TARGETED_DEVICE_FAMILY = "1,2";
				TEST_TARGET_NAME = "day 6 mini project 3";
			};
			name = Debug;
		};
		83803DF326A601060044DEA6 /* Release */ = {
			isa = XCBuildConfiguration;
			buildSettings = {
				ALWAYS_EMBED_SWIFT_STANDARD_LIBRARIES = YES;
				CODE_SIGN_STYLE = Automatic;
				INFOPLIST_FILE = "day 6 mini project 3UITests/Info.plist";
				LD_RUNPATH_SEARCH_PATHS = (
					"$(inherited)",
					"@executable_path/Frameworks",
					"@loader_path/Frameworks",
				);
				PRODUCT_BUNDLE_IDENTIFIER = "Nusayba-KWK.day-6-mini-project-3UITests";
				PRODUCT_NAME = "$(TARGET_NAME)";
				SWIFT_VERSION = 5.0;
				TARGETED_DEVICE_FAMILY = "1,2";
				TEST_TARGET_NAME = "day 6 mini project 3";
			};
			name = Release;
		};
/* End XCBuildConfiguration section */

/* Begin XCConfigurationList section */
		83803DB926A600F90044DEA6 /* Build configuration list for PBXProject "day 6 mini project 3" */ = {
			isa = XCConfigurationList;
			buildConfigurations = (
				83803DE926A601060044DEA6 /* Debug */,
				83803DEA26A601060044DEA6 /* Release */,
			);
			defaultConfigurationIsVisible = 0;
			defaultConfigurationName = Release;
		};
		83803DEB26A601060044DEA6 /* Build configuration list for PBXNativeTarget "day 6 mini project 3" */ = {
			isa = XCConfigurationList;
			buildConfigurations = (
				83803DEC26A601060044DEA6 /* Debug */,
				83803DED26A601060044DEA6 /* Release */,
			);
			defaultConfigurationIsVisible = 0;
			defaultConfigurationName = Release;
		};
		83803DEE26A601060044DEA6 /* Build configuration list for PBXNativeTarget "day 6 mini project 3Tests" */ = {
			isa = XCConfigurationList;
			buildConfigurations = (
				83803DEF26A601060044DEA6 /* Debug */,
				83803DF026A601060044DEA6 /* Release */,
			);
			defaultConfigurationIsVisible = 0;
			defaultConfigurationName = Release;
		};
		83803DF126A601060044DEA6 /* Build configuration list for PBXNativeTarget "day 6 mini project 3UITests" */ = {
			isa = XCConfigurationList;
			buildConfigurations = (
				83803DF226A601060044DEA6 /* Debug */,
				83803DF326A601060044DEA6 /* Release */,
			);
			defaultConfigurationIsVisible = 0;
			defaultConfigurationName = Release;
		};
/* End XCConfigurationList section */

/* Begin XCVersionGroup section */
		83803DCA26A600FA0044DEA6 /* day_6_mini_project_3.xcdatamodeld */ = {
			isa = XCVersionGroup;
			children = (
				83803DCB26A600FA0044DEA6 /* day_6_mini_project_3.xcdatamodel */,
			);
			currentVersion = 83803DCB26A600FA0044DEA6 /* day_6_mini_project_3.xcdatamodel */;
			path = day_6_mini_project_3.xcdatamodeld;
			sourceTree = "<group>";
			versionGroupType = wrapper.xcdatamodel;
		};
/* End XCVersionGroup section */
	};
	rootObject = 83803DB626A600F90044DEA6 /* Project object */;
}
